// !$*UTF8*$!
{
	archiveVersion = 1;
	classes = {
	};
	objectVersion = 55;
	objects = {

/* Begin PBXBuildFile section */
		4A545985273E82E7000B4F41 /* RotatedAlbumDetailsVC.swift in Sources */ = {isa = PBXBuildFile; fileRef = 4A545984273E82E7000B4F41 /* RotatedAlbumDetailsVC.swift */; };
		4A545987273E8362000B4F41 /* RotatedPhotosCell.swift in Sources */ = {isa = PBXBuildFile; fileRef = 4A545986273E8362000B4F41 /* RotatedPhotosCell.swift */; };
		4A65B8272739D05300C8EABA /* ExtensionString.swift in Sources */ = {isa = PBXBuildFile; fileRef = 4A65B8262739D05300C8EABA /* ExtensionString.swift */; };
		4A78496727394D800017ACBF /* AlbumDetailsVC.swift in Sources */ = {isa = PBXBuildFile; fileRef = 4A78496627394D800017ACBF /* AlbumDetailsVC.swift */; };
		4A78496927394D9C0017ACBF /* PictureDetailsVC.swift in Sources */ = {isa = PBXBuildFile; fileRef = 4A78496827394D9C0017ACBF /* PictureDetailsVC.swift */; };
		4A78496F273957100017ACBF /* Albums.swift in Sources */ = {isa = PBXBuildFile; fileRef = 4A78496E273957100017ACBF /* Albums.swift */; };
		4AB17ECD273AB2BF007E6F9F /* Photos.swift in Sources */ = {isa = PBXBuildFile; fileRef = 4AB17ECC273AB2BF007E6F9F /* Photos.swift */; };
		4AC434F7273D302300EE4B92 /* ListCell.swift in Sources */ = {isa = PBXBuildFile; fileRef = 4AC434F6273D302300EE4B92 /* ListCell.swift */; };
		4AC434FB273D30B100EE4B92 /* PhotosCell.swift in Sources */ = {isa = PBXBuildFile; fileRef = 4AC434FA273D30B100EE4B92 /* PhotosCell.swift */; };
		4AE5603E2737439C000F04D2 /* AppDelegate.swift in Sources */ = {isa = PBXBuildFile; fileRef = 4AE5603D2737439C000F04D2 /* AppDelegate.swift */; };
		4AE560402737439C000F04D2 /* SceneDelegate.swift in Sources */ = {isa = PBXBuildFile; fileRef = 4AE5603F2737439C000F04D2 /* SceneDelegate.swift */; };
		4AE560422737439C000F04D2 /* ListVC.swift in Sources */ = {isa = PBXBuildFile; fileRef = 4AE560412737439C000F04D2 /* ListVC.swift */; };
		4AE560452737439C000F04D2 /* Main.storyboard in Resources */ = {isa = PBXBuildFile; fileRef = 4AE560432737439C000F04D2 /* Main.storyboard */; };
		4AE560472737439E000F04D2 /* Assets.xcassets in Resources */ = {isa = PBXBuildFile; fileRef = 4AE560462737439E000F04D2 /* Assets.xcassets */; };
		4AE5604A2737439E000F04D2 /* LaunchScreen.storyboard in Resources */ = {isa = PBXBuildFile; fileRef = 4AE560482737439E000F04D2 /* LaunchScreen.storyboard */; };
		4AE56052273743E6000F04D2 /* SourcesClass.swift in Sources */ = {isa = PBXBuildFile; fileRef = 4AE56051273743E6000F04D2 /* SourcesClass.swift */; };
		E5280F0883316D0AE079B1E5 /* Pods_MyProject.framework in Frameworks */ = {isa = PBXBuildFile; fileRef = 69FD67B6CCCA0E7644691F2D /* Pods_MyProject.framework */; };
/* End PBXBuildFile section */

/* Begin PBXFileReference section */
		10A0277157EDF0465DF674E9 /* Pods-MyProject.release.xcconfig */ = {isa = PBXFileReference; includeInIndex = 1; lastKnownFileType = text.xcconfig; name = "Pods-MyProject.release.xcconfig"; path = "Target Support Files/Pods-MyProject/Pods-MyProject.release.xcconfig"; sourceTree = "<group>"; };
		4A545984273E82E7000B4F41 /* RotatedAlbumDetailsVC.swift */ = {isa = PBXFileReference; lastKnownFileType = sourcecode.swift; path = RotatedAlbumDetailsVC.swift; sourceTree = "<group>"; };
		4A545986273E8362000B4F41 /* RotatedPhotosCell.swift */ = {isa = PBXFileReference; lastKnownFileType = sourcecode.swift; path = RotatedPhotosCell.swift; sourceTree = "<group>"; };
		4A65B8262739D05300C8EABA /* ExtensionString.swift */ = {isa = PBXFileReference; lastKnownFileType = sourcecode.swift; path = ExtensionString.swift; sourceTree = "<group>"; };
		4A78496627394D800017ACBF /* AlbumDetailsVC.swift */ = {isa = PBXFileReference; lastKnownFileType = sourcecode.swift; path = AlbumDetailsVC.swift; sourceTree = "<group>"; };
		4A78496827394D9C0017ACBF /* PictureDetailsVC.swift */ = {isa = PBXFileReference; lastKnownFileType = sourcecode.swift; path = PictureDetailsVC.swift; sourceTree = "<group>"; };
		4A78496E273957100017ACBF /* Albums.swift */ = {isa = PBXFileReference; lastKnownFileType = sourcecode.swift; path = Albums.swift; sourceTree = "<group>"; };
		4AB17ECC273AB2BF007E6F9F /* Photos.swift */ = {isa = PBXFileReference; lastKnownFileType = sourcecode.swift; path = Photos.swift; sourceTree = "<group>"; };
		4AC434F6273D302300EE4B92 /* ListCell.swift */ = {isa = PBXFileReference; fileEncoding = 4; lastKnownFileType = sourcecode.swift; path = ListCell.swift; sourceTree = "<group>"; };
		4AC434FA273D30B100EE4B92 /* PhotosCell.swift */ = {isa = PBXFileReference; lastKnownFileType = sourcecode.swift; path = PhotosCell.swift; sourceTree = "<group>"; };
		4AE5603A2737439C000F04D2 /* MyProject.app */ = {isa = PBXFileReference; explicitFileType = wrapper.application; includeInIndex = 0; path = MyProject.app; sourceTree = BUILT_PRODUCTS_DIR; };
		4AE5603D2737439C000F04D2 /* AppDelegate.swift */ = {isa = PBXFileReference; lastKnownFileType = sourcecode.swift; path = AppDelegate.swift; sourceTree = "<group>"; };
		4AE5603F2737439C000F04D2 /* SceneDelegate.swift */ = {isa = PBXFileReference; lastKnownFileType = sourcecode.swift; path = SceneDelegate.swift; sourceTree = "<group>"; };
		4AE560412737439C000F04D2 /* ListVC.swift */ = {isa = PBXFileReference; lastKnownFileType = sourcecode.swift; path = ListVC.swift; sourceTree = "<group>"; };
		4AE560442737439C000F04D2 /* Base */ = {isa = PBXFileReference; lastKnownFileType = file.storyboard; name = Base; path = Base.lproj/Main.storyboard; sourceTree = "<group>"; };
		4AE560462737439E000F04D2 /* Assets.xcassets */ = {isa = PBXFileReference; lastKnownFileType = folder.assetcatalog; path = Assets.xcassets; sourceTree = "<group>"; };
		4AE560492737439E000F04D2 /* Base */ = {isa = PBXFileReference; lastKnownFileType = file.storyboard; name = Base; path = Base.lproj/LaunchScreen.storyboard; sourceTree = "<group>"; };
		4AE5604B2737439E000F04D2 /* Info.plist */ = {isa = PBXFileReference; lastKnownFileType = text.plist.xml; path = Info.plist; sourceTree = "<group>"; };
		4AE56051273743E6000F04D2 /* SourcesClass.swift */ = {isa = PBXFileReference; lastKnownFileType = sourcecode.swift; path = SourcesClass.swift; sourceTree = "<group>"; };
		69FD67B6CCCA0E7644691F2D /* Pods_MyProject.framework */ = {isa = PBXFileReference; explicitFileType = wrapper.framework; includeInIndex = 0; path = Pods_MyProject.framework; sourceTree = BUILT_PRODUCTS_DIR; };
		79A93480EC1A9BC513326097 /* Pods-MyProject.debug.xcconfig */ = {isa = PBXFileReference; includeInIndex = 1; lastKnownFileType = text.xcconfig; name = "Pods-MyProject.debug.xcconfig"; path = "Target Support Files/Pods-MyProject/Pods-MyProject.debug.xcconfig"; sourceTree = "<group>"; };
/* End PBXFileReference section */

/* Begin PBXFrameworksBuildPhase section */
		4AE560372737439C000F04D2 /* Frameworks */ = {
			isa = PBXFrameworksBuildPhase;
			buildActionMask = 2147483647;
			files = (
				E5280F0883316D0AE079B1E5 /* Pods_MyProject.framework in Frameworks */,
			);
			runOnlyForDeploymentPostprocessing = 0;
		};
/* End PBXFrameworksBuildPhase section */

/* Begin PBXGroup section */
		03EE517E6BE4C0002DEF4241 /* Pods */ = {
			isa = PBXGroup;
			children = (
				79A93480EC1A9BC513326097 /* Pods-MyProject.debug.xcconfig */,
				10A0277157EDF0465DF674E9 /* Pods-MyProject.release.xcconfig */,
			);
			path = Pods;
			sourceTree = "<group>";
		};
		49746393FC41E1CEB8ACA494 /* Frameworks */ = {
			isa = PBXGroup;
			children = (
				69FD67B6CCCA0E7644691F2D /* Pods_MyProject.framework */,
			);
			name = Frameworks;
			sourceTree = "<group>";
		};
		4A78495C27393B160017ACBF /* Delegates */ = {
			isa = PBXGroup;
			children = (
				4AE5603F2737439C000F04D2 /* SceneDelegate.swift */,
				4AE5603D2737439C000F04D2 /* AppDelegate.swift */,
			);
			path = Delegates;
			sourceTree = "<group>";
		};
		4A78495D27393B200017ACBF /* Model */ = {
			isa = PBXGroup;
			children = (
				4A65B8262739D05300C8EABA /* ExtensionString.swift */,
				4AB17ECC273AB2BF007E6F9F /* Photos.swift */,
				4A78496E273957100017ACBF /* Albums.swift */,
			);
			path = Model;
			sourceTree = "<group>";
		};
		4A78495F27393B2F0017ACBF /* View */ = {
			isa = PBXGroup;
			children = (
				4A545986273E8362000B4F41 /* RotatedPhotosCell.swift */,
				4AC434FA273D30B100EE4B92 /* PhotosCell.swift */,
				4AC434F6273D302300EE4B92 /* ListCell.swift */,
			);
			path = View;
			sourceTree = "<group>";
		};
		4A78496027393B390017ACBF /* Controller */ = {
			isa = PBXGroup;
			children = (
				4A545984273E82E7000B4F41 /* RotatedAlbumDetailsVC.swift */,
				4A78496827394D9C0017ACBF /* PictureDetailsVC.swift */,
				4A78496627394D800017ACBF /* AlbumDetailsVC.swift */,
				4AE560412737439C000F04D2 /* ListVC.swift */,
			);
			path = Controller;
			sourceTree = "<group>";
		};
		4AE560312737439C000F04D2 = {
			isa = PBXGroup;
			children = (
				4AE5603C2737439C000F04D2 /* MyProject */,
				4AE5603B2737439C000F04D2 /* Products */,
				03EE517E6BE4C0002DEF4241 /* Pods */,
				49746393FC41E1CEB8ACA494 /* Frameworks */,
			);
			sourceTree = "<group>";
		};
		4AE5603B2737439C000F04D2 /* Products */ = {
			isa = PBXGroup;
			children = (
				4AE5603A2737439C000F04D2 /* MyProject.app */,
			);
			name = Products;
			sourceTree = "<group>";
		};
		4AE5603C2737439C000F04D2 /* MyProject */ = {
			isa = PBXGroup;
			children = (
				4A78495C27393B160017ACBF /* Delegates */,
				4A78495D27393B200017ACBF /* Model */,
				4A78496027393B390017ACBF /* Controller */,
				4A78495F27393B2F0017ACBF /* View */,
				4AE560432737439C000F04D2 /* Main.storyboard */,
				4AE560462737439E000F04D2 /* Assets.xcassets */,
				4AE560482737439E000F04D2 /* LaunchScreen.storyboard */,
				4AE56051273743E6000F04D2 /* SourcesClass.swift */,
				4AE5604B2737439E000F04D2 /* Info.plist */,
			);
			path = MyProject;
			sourceTree = "<group>";
		};
/* End PBXGroup section */

/* Begin PBXNativeTarget section */
		4AE560392737439C000F04D2 /* MyProject */ = {
			isa = PBXNativeTarget;
			buildConfigurationList = 4AE5604E2737439E000F04D2 /* Build configuration list for PBXNativeTarget "MyProject" */;
			buildPhases = (
				BCC08AD7F70FF3A08E4D6EF3 /* [CP] Check Pods Manifest.lock */,
				4AE560362737439C000F04D2 /* Sources */,
				4AE560372737439C000F04D2 /* Frameworks */,
				4AE560382737439C000F04D2 /* Resources */,
				A9261C47CBC2547B9EF6BED8 /* [CP] Embed Pods Frameworks */,
			);
			buildRules = (
			);
			dependencies = (
			);
			name = MyProject;
			productName = MyProject;
			productReference = 4AE5603A2737439C000F04D2 /* MyProject.app */;
			productType = "com.apple.product-type.application";
		};
/* End PBXNativeTarget section */

/* Begin PBXProject section */
		4AE560322737439C000F04D2 /* Project object */ = {
			isa = PBXProject;
			attributes = {
				BuildIndependentTargetsInParallel = 1;
				LastSwiftUpdateCheck = 1300;
				LastUpgradeCheck = 1300;
				TargetAttributes = {
					4AE560392737439C000F04D2 = {
						CreatedOnToolsVersion = 13.0;
					};
				};
			};
			buildConfigurationList = 4AE560352737439C000F04D2 /* Build configuration list for PBXProject "MyProject" */;
			compatibilityVersion = "Xcode 13.0";
			developmentRegion = en;
			hasScannedForEncodings = 0;
			knownRegions = (
				en,
				Base,
			);
			mainGroup = 4AE560312737439C000F04D2;
			productRefGroup = 4AE5603B2737439C000F04D2 /* Products */;
			projectDirPath = "";
			projectRoot = "";
			targets = (
				4AE560392737439C000F04D2 /* MyProject */,
			);
		};
/* End PBXProject section */

/* Begin PBXResourcesBuildPhase section */
		4AE560382737439C000F04D2 /* Resources */ = {
			isa = PBXResourcesBuildPhase;
			buildActionMask = 2147483647;
			files = (
				4AE5604A2737439E000F04D2 /* LaunchScreen.storyboard in Resources */,
				4AE560472737439E000F04D2 /* Assets.xcassets in Resources */,
				4AE560452737439C000F04D2 /* Main.storyboard in Resources */,
			);
			runOnlyForDeploymentPostprocessing = 0;
		};
/* End PBXResourcesBuildPhase section */

/* Begin PBXShellScriptBuildPhase section */
		A9261C47CBC2547B9EF6BED8 /* [CP] Embed Pods Frameworks */ = {
			isa = PBXShellScriptBuildPhase;
			buildActionMask = 2147483647;
			files = (
			);
			inputFileListPaths = (
				"${PODS_ROOT}/Target Support Files/Pods-MyProject/Pods-MyProject-frameworks-${CONFIGURATION}-input-files.xcfilelist",
			);
			name = "[CP] Embed Pods Frameworks";
			outputFileListPaths = (
				"${PODS_ROOT}/Target Support Files/Pods-MyProject/Pods-MyProject-frameworks-${CONFIGURATION}-output-files.xcfilelist",
			);
			runOnlyForDeploymentPostprocessing = 0;
			shellPath = /bin/sh;
			shellScript = "\"${PODS_ROOT}/Target Support Files/Pods-MyProject/Pods-MyProject-frameworks.sh\"\n";
			showEnvVarsInLog = 0;
		};
		BCC08AD7F70FF3A08E4D6EF3 /* [CP] Check Pods Manifest.lock */ = {
			isa = PBXShellScriptBuildPhase;
			buildActionMask = 2147483647;
			files = (
			);
			inputFileListPaths = (
			);
			inputPaths = (
				"${PODS_PODFILE_DIR_PATH}/Podfile.lock",
				"${PODS_ROOT}/Manifest.lock",
			);
			name = "[CP] Check Pods Manifest.lock";
			outputFileListPaths = (
			);
			outputPaths = (
				"$(DERIVED_FILE_DIR)/Pods-MyProject-checkManifestLockResult.txt",
			);
			runOnlyForDeploymentPostprocessing = 0;
			shellPath = /bin/sh;
			shellScript = "diff \"${PODS_PODFILE_DIR_PATH}/Podfile.lock\" \"${PODS_ROOT}/Manifest.lock\" > /dev/null\nif [ $? != 0 ] ; then\n    # print error to STDERR\n    echo \"error: The sandbox is not in sync with the Podfile.lock. Run 'pod install' or update your CocoaPods installation.\" >&2\n    exit 1\nfi\n# This output is used by Xcode 'outputs' to avoid re-running this script phase.\necho \"SUCCESS\" > \"${SCRIPT_OUTPUT_FILE_0}\"\n";
			showEnvVarsInLog = 0;
		};
/* End PBXShellScriptBuildPhase section */

/* Begin PBXSourcesBuildPhase section */
		4AE560362737439C000F04D2 /* Sources */ = {
			isa = PBXSourcesBuildPhase;
			buildActionMask = 2147483647;
			files = (
				4A545985273E82E7000B4F41 /* RotatedAlbumDetailsVC.swift in Sources */,
				4A545987273E8362000B4F41 /* RotatedPhotosCell.swift in Sources */,
				4AE560422737439C000F04D2 /* ListVC.swift in Sources */,
				4A78496727394D800017ACBF /* AlbumDetailsVC.swift in Sources */,
				4A78496927394D9C0017ACBF /* PictureDetailsVC.swift in Sources */,
				4AB17ECD273AB2BF007E6F9F /* Photos.swift in Sources */,
				4AE5603E2737439C000F04D2 /* AppDelegate.swift in Sources */,
				4AC434F7273D302300EE4B92 /* ListCell.swift in Sources */,
				4AC434FB273D30B100EE4B92 /* PhotosCell.swift in Sources */,
				4AE560402737439C000F04D2 /* SceneDelegate.swift in Sources */,
				4A65B8272739D05300C8EABA /* ExtensionString.swift in Sources */,
				4A78496F273957100017ACBF /* Albums.swift in Sources */,
				4AE56052273743E6000F04D2 /* SourcesClass.swift in Sources */,
			);
			runOnlyForDeploymentPostprocessing = 0;
		};
/* End PBXSourcesBuildPhase section */

/* Begin PBXVariantGroup section */
		4AE560432737439C000F04D2 /* Main.storyboard */ = {
			isa = PBXVariantGroup;
			children = (
				4AE560442737439C000F04D2 /* Base */,
			);
			name = Main.storyboard;
			sourceTree = "<group>";
		};
		4AE560482737439E000F04D2 /* LaunchScreen.storyboard */ = {
			isa = PBXVariantGroup;
			children = (
				4AE560492737439E000F04D2 /* Base */,
			);
			name = LaunchScreen.storyboard;
			sourceTree = "<group>";
		};
/* End PBXVariantGroup section */

/* Begin XCBuildConfiguration section */
		4AE5604C2737439E000F04D2 /* Debug */ = {
			isa = XCBuildConfiguration;
			buildSettings = {
				ALWAYS_SEARCH_USER_PATHS = NO;
				CLANG_ANALYZER_NONNULL = YES;
				CLANG_ANALYZER_NUMBER_OBJECT_CONVERSION = YES_AGGRESSIVE;
				CLANG_CXX_LANGUAGE_STANDARD = "gnu++17";
				CLANG_CXX_LIBRARY = "libc++";
				CLANG_ENABLE_MODULES = YES;
				CLANG_ENABLE_OBJC_ARC = YES;
				CLANG_ENABLE_OBJC_WEAK = YES;
				CLANG_WARN_BLOCK_CAPTURE_AUTORELEASING = YES;
				CLANG_WARN_BOOL_CONVERSION = YES;
				CLANG_WARN_COMMA = YES;
				CLANG_WARN_CONSTANT_CONVERSION = YES;
				CLANG_WARN_DEPRECATED_OBJC_IMPLEMENTATIONS = YES;
				CLANG_WARN_DIRECT_OBJC_ISA_USAGE = YES_ERROR;
				CLANG_WARN_DOCUMENTATION_COMMENTS = YES;
				CLANG_WARN_EMPTY_BODY = YES;
				CLANG_WARN_ENUM_CONVERSION = YES;
				CLANG_WARN_INFINITE_RECURSION = YES;
				CLANG_WARN_INT_CONVERSION = YES;
				CLANG_WARN_NON_LITERAL_NULL_CONVERSION = YES;
				CLANG_WARN_OBJC_IMPLICIT_RETAIN_SELF = YES;
				CLANG_WARN_OBJC_LITERAL_CONVERSION = YES;
				CLANG_WARN_OBJC_ROOT_CLASS = YES_ERROR;
				CLANG_WARN_QUOTED_INCLUDE_IN_FRAMEWORK_HEADER = YES;
				CLANG_WARN_RANGE_LOOP_ANALYSIS = YES;
				CLANG_WARN_STRICT_PROTOTYPES = YES;
				CLANG_WARN_SUSPICIOUS_MOVE = YES;
				CLANG_WARN_UNGUARDED_AVAILABILITY = YES_AGGRESSIVE;
				CLANG_WARN_UNREACHABLE_CODE = YES;
				CLANG_WARN__DUPLICATE_METHOD_MATCH = YES;
				COPY_PHASE_STRIP = NO;
				DEBUG_INFORMATION_FORMAT = dwarf;
				ENABLE_STRICT_OBJC_MSGSEND = YES;
				ENABLE_TESTABILITY = YES;
				GCC_C_LANGUAGE_STANDARD = gnu11;
				GCC_DYNAMIC_NO_PIC = NO;
				GCC_NO_COMMON_BLOCKS = YES;
				GCC_OPTIMIZATION_LEVEL = 0;
				GCC_PREPROCESSOR_DEFINITIONS = (
					"DEBUG=1",
					"$(inherited)",
				);
				GCC_WARN_64_TO_32_BIT_CONVERSION = YES;
				GCC_WARN_ABOUT_RETURN_TYPE = YES_ERROR;
				GCC_WARN_UNDECLARED_SELECTOR = YES;
				GCC_WARN_UNINITIALIZED_AUTOS = YES_AGGRESSIVE;
				GCC_WARN_UNUSED_FUNCTION = YES;
				GCC_WARN_UNUSED_VARIABLE = YES;
				IPHONEOS_DEPLOYMENT_TARGET = 15.0;
				MTL_ENABLE_DEBUG_INFO = INCLUDE_SOURCE;
				MTL_FAST_MATH = YES;
				ONLY_ACTIVE_ARCH = YES;
				SDKROOT = iphoneos;
				SWIFT_ACTIVE_COMPILATION_CONDITIONS = DEBUG;
				SWIFT_OPTIMIZATION_LEVEL = "-Onone";
			};
			name = Debug;
		};
		4AE5604D2737439E000F04D2 /* Release */ = {
			isa = XCBuildConfiguration;
			buildSettings = {
				ALWAYS_SEARCH_USER_PATHS = NO;
				CLANG_ANALYZER_NONNULL = YES;
				CLANG_ANALYZER_NUMBER_OBJECT_CONVERSION = YES_AGGRESSIVE;
				CLANG_CXX_LANGUAGE_STANDARD = "gnu++17";
				CLANG_CXX_LIBRARY = "libc++";
				CLANG_ENABLE_MODULES = YES;
				CLANG_ENABLE_OBJC_ARC = YES;
				CLANG_ENABLE_OBJC_WEAK = YES;
				CLANG_WARN_BLOCK_CAPTURE_AUTORELEASING = YES;
				CLANG_WARN_BOOL_CONVERSION = YES;
				CLANG_WARN_COMMA = YES;
				CLANG_WARN_CONSTANT_CONVERSION = YES;
				CLANG_WARN_DEPRECATED_OBJC_IMPLEMENTATIONS = YES;
				CLANG_WARN_DIRECT_OBJC_ISA_USAGE = YES_ERROR;
				CLANG_WARN_DOCUMENTATION_COMMENTS = YES;
				CLANG_WARN_EMPTY_BODY = YES;
				CLANG_WARN_ENUM_CONVERSION = YES;
				CLANG_WARN_INFINITE_RECURSION = YES;
				CLANG_WARN_INT_CONVERSION = YES;
				CLANG_WARN_NON_LITERAL_NULL_CONVERSION = YES;
				CLANG_WARN_OBJC_IMPLICIT_RETAIN_SELF = YES;
				CLANG_WARN_OBJC_LITERAL_CONVERSION = YES;
				CLANG_WARN_OBJC_ROOT_CLASS = YES_ERROR;
				CLANG_WARN_QUOTED_INCLUDE_IN_FRAMEWORK_HEADER = YES;
				CLANG_WARN_RANGE_LOOP_ANALYSIS = YES;
				CLANG_WARN_STRICT_PROTOTYPES = YES;
				CLANG_WARN_SUSPICIOUS_MOVE = YES;
				CLANG_WARN_UNGUARDED_AVAILABILITY = YES_AGGRESSIVE;
				CLANG_WARN_UNREACHABLE_CODE = YES;
				CLANG_WARN__DUPLICATE_METHOD_MATCH = YES;
				COPY_PHASE_STRIP = NO;
				DEBUG_INFORMATION_FORMAT = "dwarf-with-dsym";
				ENABLE_NS_ASSERTIONS = NO;
				ENABLE_STRICT_OBJC_MSGSEND = YES;
				GCC_C_LANGUAGE_STANDARD = gnu11;
				GCC_NO_COMMON_BLOCKS = YES;
				GCC_WARN_64_TO_32_BIT_CONVERSION = YES;
				GCC_WARN_ABOUT_RETURN_TYPE = YES_ERROR;
				GCC_WARN_UNDECLARED_SELECTOR = YES;
				GCC_WARN_UNINITIALIZED_AUTOS = YES_AGGRESSIVE;
				GCC_WARN_UNUSED_FUNCTION = YES;
				GCC_WARN_UNUSED_VARIABLE = YES;
				IPHONEOS_DEPLOYMENT_TARGET = 15.0;
				MTL_ENABLE_DEBUG_INFO = NO;
				MTL_FAST_MATH = YES;
				SDKROOT = iphoneos;
				SWIFT_COMPILATION_MODE = wholemodule;
				SWIFT_OPTIMIZATION_LEVEL = "-O";
				VALIDATE_PRODUCT = YES;
			};
			name = Release;
		};
		4AE5604F2737439E000F04D2 /* Debug */ = {
			isa = XCBuildConfiguration;
			baseConfigurationReference = 79A93480EC1A9BC513326097 /* Pods-MyProject.debug.xcconfig */;
			buildSettings = {
				ASSETCATALOG_COMPILER_APPICON_NAME = AppIcon;
				ASSETCATALOG_COMPILER_GLOBAL_ACCENT_COLOR_NAME = AccentColor;
				CODE_SIGN_STYLE = Automatic;
				CURRENT_PROJECT_VERSION = 1;
				DEVELOPMENT_TEAM = MZ734Q5998;
				GENERATE_INFOPLIST_FILE = YES;
				INFOPLIST_FILE = MyProject/Info.plist;
				INFOPLIST_KEY_UIApplicationSupportsIndirectInputEvents = YES;
				INFOPLIST_KEY_UILaunchStoryboardName = LaunchScreen;
				INFOPLIST_KEY_UIMainStoryboardFile = Main;
				INFOPLIST_KEY_UISupportedInterfaceOrientations_iPad = "UIInterfaceOrientationPortrait UIInterfaceOrientationPortraitUpsideDown UIInterfaceOrientationLandscapeLeft UIInterfaceOrientationLandscapeRight";
				INFOPLIST_KEY_UISupportedInterfaceOrientations_iPhone = "UIInterfaceOrientationPortrait UIInterfaceOrientationLandscapeLeft UIInterfaceOrientationLandscapeRight";
				LD_RUNPATH_SEARCH_PATHS = (
					"$(inherited)",
					"@executable_path/Frameworks",
				);
				MARKETING_VERSION = 1.0;
				PRODUCT_BUNDLE_IDENTIFIER = com.onuralpyahnici.MyProject;
				PRODUCT_NAME = "$(TARGET_NAME)";
				SWIFT_EMIT_LOC_STRINGS = YES;
				SWIFT_VERSION = 5.0;
				TARGETED_DEVICE_FAMILY = "1,2";
			};
			name = Debug;
		};
		4AE560502737439E000F04D2 /* Release */ = {
			isa = XCBuildConfiguration;
			baseConfigurationReference = 10A0277157EDF0465DF674E9 /* Pods-MyProject.release.xcconfig */;
			buildSettings = {
				ASSETCATALOG_COMPILER_APPICON_NAME = AppIcon;
				ASSETCATALOG_COMPILER_GLOBAL_ACCENT_COLOR_NAME = AccentColor;
				CODE_SIGN_STYLE = Automatic;
				CURRENT_PROJECT_VERSION = 1;
				DEVELOPMENT_TEAM = MZ734Q5998;
				GENERATE_INFOPLIST_FILE = YES;
				INFOPLIST_FILE = MyProject/Info.plist;
				INFOPLIST_KEY_UIApplicationSupportsIndirectInputEvents = YES;
				INFOPLIST_KEY_UILaunchStoryboardName = LaunchScreen;
				INFOPLIST_KEY_UIMainStoryboardFile = Main;
				INFOPLIST_KEY_UISupportedInterfaceOrientations_iPad = "UIInterfaceOrientationPortrait UIInterfaceOrientationPortraitUpsideDown UIInterfaceOrientationLandscapeLeft UIInterfaceOrientationLandscapeRight";
				INFOPLIST_KEY_UISupportedInterfaceOrientations_iPhone = "UIInterfaceOrientationPortrait UIInterfaceOrientationLandscapeLeft UIInterfaceOrientationLandscapeRight";
				LD_RUNPATH_SEARCH_PATHS = (
					"$(inherited)",
					"@executable_path/Frameworks",
				);
				MARKETING_VERSION = 1.0;
				PRODUCT_BUNDLE_IDENTIFIER = com.onuralpyahnici.MyProject;
				PRODUCT_NAME = "$(TARGET_NAME)";
				SWIFT_EMIT_LOC_STRINGS = YES;
				SWIFT_VERSION = 5.0;
				TARGETED_DEVICE_FAMILY = "1,2";
			};
			name = Release;
		};
/* End XCBuildConfiguration section */

/* Begin XCConfigurationList section */
		4AE560352737439C000F04D2 /* Build configuration list for PBXProject "MyProject" */ = {
			isa = XCConfigurationList;
			buildConfigurations = (
				4AE5604C2737439E000F04D2 /* Debug */,
				4AE5604D2737439E000F04D2 /* Release */,
			);
			defaultConfigurationIsVisible = 0;
			defaultConfigurationName = Release;
		};
		4AE5604E2737439E000F04D2 /* Build configuration list for PBXNativeTarget "MyProject" */ = {
			isa = XCConfigurationList;
			buildConfigurations = (
				4AE5604F2737439E000F04D2 /* Debug */,
				4AE560502737439E000F04D2 /* Release */,
			);
			defaultConfigurationIsVisible = 0;
			defaultConfigurationName = Release;
		};
/* End XCConfigurationList section */
	};
	rootObject = 4AE560322737439C000F04D2 /* Project object */;
}
